
Microsoft Visual Studio Solution File, Format Version 12.00
# Visual Studio Version 16
VisualStudioVersion = 16.0.29728.190
MinimumVisualStudioVersion = 10.0.40219.1
Project("{9A19103F-16F7-4668-BE54-9A1E7A4F7556}") = "CinderellaCore.Web", "CinderellaCore\CinderellaCore.Web.csproj", "{8A3D5B28-824B-4C70-B5C3-34828E528C8B}"
EndProject
Project("{9A19103F-16F7-4668-BE54-9A1E7A4F7556}") = "CinderellaCore.Data", "CinderellaCore.Data\CinderellaCore.Data.csproj", "{4F7AB792-8A96-42CF-A383-4DE1FE7FE048}"
EndProject
Project("{9A19103F-16F7-4668-BE54-9A1E7A4F7556}") = "CinderellaCore.Model", "CinderellaCore.Model\CinderellaCore.Model.csproj", "{AE05D190-3678-4978-AB84-173BC7011BD1}"
EndProject
Project("{9A19103F-16F7-4668-BE54-9A1E7A4F7556}") = "CinderellaCore.Services", "CinderellaCore.Services\CinderellaCore.Services.csproj", "{342EF508-6313-488B-932D-876E22B56D09}"
EndProject
Project("{2150E333-8FDC-42A3-9474-1A3956D46DE8}") = "Src", "Src", "{C5B9E18B-00B1-412F-9DBF-78CDBB6C16DA}"
EndProject
Project("{2150E333-8FDC-42A3-9474-1A3956D46DE8}") = "Tests", "Tests", "{87185012-C693-416E-9CA2-8E18F79843BA}"
EndProject
Project("{2150E333-8FDC-42A3-9474-1A3956D46DE8}") = "Solution Items", "Solution Items", "{2F72BE3B-F1E4-49A0-A3A1-7697C5E72683}"
	ProjectSection(SolutionItems) = preProject
		.gitignore = .gitignore
	EndProjectSection
EndProject
Global
	GlobalSection(SolutionConfigurationPlatforms) = preSolution
		Debug|Any CPU = Debug|Any CPU
		Release|Any CPU = Release|Any CPU
	EndGlobalSection
	GlobalSection(ProjectConfigurationPlatforms) = postSolution
		{8A3D5B28-824B-4C70-B5C3-34828E528C8B}.Debug|Any CPU.ActiveCfg = Debug|Any CPU
		{8A3D5B28-824B-4C70-B5C3-34828E528C8B}.Debug|Any CPU.Build.0 = Debug|Any CPU
		{8A3D5B28-824B-4C70-B5C3-34828E528C8B}.Release|Any CPU.ActiveCfg = Release|Any CPU
		{8A3D5B28-824B-4C70-B5C3-34828E528C8B}.Release|Any CPU.Build.0 = Release|Any CPU
		{4F7AB792-8A96-42CF-A383-4DE1FE7FE048}.Debug|Any CPU.ActiveCfg = Debug|Any CPU
		{4F7AB792-8A96-42CF-A383-4DE1FE7FE048}.Debug|Any CPU.Build.0 = Debug|Any CPU
		{4F7AB792-8A96-42CF-A383-4DE1FE7FE048}.Release|Any CPU.ActiveCfg = Release|Any CPU
		{4F7AB792-8A96-42CF-A383-4DE1FE7FE048}.Release|Any CPU.Build.0 = Release|Any CPU
		{AE05D190-3678-4978-AB84-173BC7011BD1}.Debug|Any CPU.ActiveCfg = Debug|Any CPU
		{AE05D190-3678-4978-AB84-173BC7011BD1}.Debug|Any CPU.Build.0 = Debug|Any CPU
		{AE05D190-3678-4978-AB84-173BC7011BD1}.Release|Any CPU.ActiveCfg = Release|Any CPU
		{AE05D190-3678-4978-AB84-173BC7011BD1}.Release|Any CPU.Build.0 = Release|Any CPU
		{342EF508-6313-488B-932D-876E22B56D09}.Debug|Any CPU.ActiveCfg = Debug|Any CPU
		{342EF508-6313-488B-932D-876E22B56D09}.Debug|Any CPU.Build.0 = Debug|Any CPU
		{342EF508-6313-488B-932D-876E22B56D09}.Release|Any CPU.ActiveCfg = Release|Any CPU
		{342EF508-6313-488B-932D-876E22B56D09}.Release|Any CPU.Build.0 = Release|Any CPU
	EndGlobalSection
	GlobalSection(SolutionProperties) = preSolution
		HideSolutionNode = FALSE
	EndGlobalSection
	GlobalSection(NestedProjects) = preSolution
		{8A3D5B28-824B-4C70-B5C3-34828E528C8B} = {C5B9E18B-00B1-412F-9DBF-78CDBB6C16DA}
		{4F7AB792-8A96-42CF-A383-4DE1FE7FE048} = {C5B9E18B-00B1-412F-9DBF-78CDBB6C16DA}
		{AE05D190-3678-4978-AB84-173BC7011BD1} = {C5B9E18B-00B1-412F-9DBF-78CDBB6C16DA}
		{342EF508-6313-488B-932D-876E22B56D09} = {C5B9E18B-00B1-412F-9DBF-78CDBB6C16DA}
	EndGlobalSection
	GlobalSection(ExtensibilityGlobals) = postSolution
		SolutionGuid = {C98D14A4-4C6C-43D9-BF74-571BD8913CA2}
	EndGlobalSection
EndGlobal
